
Microsoft Visual Studio Solution File, Format Version 12.00
# Visual Studio Version 17
VisualStudioVersion = 17.1.32414.318
MinimumVisualStudioVersion = 10.0.40219.1
Project("{FAE04EC0-301F-11D3-BF4B-00C04F79EFBC}") = "SchedulesTimeMatching", "SchedulesTimeMatching\SchedulesTimeMatching.csproj", "{0CEF3548-4395-4533-89B2-907C41EB57A7}"
EndProject
Global
	GlobalSection(SolutionConfigurationPlatforms) = preSolution
		Debug|Any CPU = Debug|Any CPU
		Release|Any CPU = Release|Any CPU
	EndGlobalSection
	GlobalSection(ProjectConfigurationPlatforms) = postSolution
		{0CEF3548-4395-4533-89B2-907C41EB57A7}.Debug|Any CPU.ActiveCfg = Debug|Any CPU
		{0CEF3548-4395-4533-89B2-907C41EB57A7}.Debug|Any CPU.Build.0 = Debug|Any CPU
		{0CEF3548-4395-4533-89B2-907C41EB57A7}.Release|Any CPU.ActiveCfg = Release|Any CPU
		{0CEF3548-4395-4533-89B2-907C41EB57A7}.Release|Any CPU.Build.0 = Release|Any CPU
	EndGlobalSection
	GlobalSection(SolutionProperties) = preSolution
		HideSolutionNode = FALSE
	EndGlobalSection
	GlobalSection(ExtensibilityGlobals) = postSolution
		SolutionGuid = {E461EDAB-8559-4A6D-BA58-04D910A52253}
	EndGlobalSection
EndGlobal
